<Solution>
  <Project Path="../BillWatch.API/BillWatch.API.csproj" Id="7904271d-4c3e-4996-ae0f-12b8627fd3b3" />
  <Project Path="../BillWatch.Core/BillWatch.Core.csproj" />
  <Project Path="../BillWatch.Tests/BillWatch.Tests.csproj" />
  <Project Path="BillWatch.csproj">
    <Deploy Solution="Debug|*" />
  </Project>
</Solution>
